// !$*UTF8*$!
{
	archiveVersion = 1;
	classes = {
	};
	objectVersion = 56;
	objects = {

/* Begin PBXBuildFile section */
		E313F2F4296C7D6B00D37E50 /* Models.swift in Sources */ = {isa = PBXBuildFile; fileRef = E313F2F3296C7D6B00D37E50 /* Models.swift */; };
		E313F2F6296C860800D37E50 /* AlertPresenter.swift in Sources */ = {isa = PBXBuildFile; fileRef = E313F2F5296C860800D37E50 /* AlertPresenter.swift */; };
		E313F2F8296C8CB700D37E50 /* DatabaseManager.swift in Sources */ = {isa = PBXBuildFile; fileRef = E313F2F7296C8CB700D37E50 /* DatabaseManager.swift */; };
		E3846EDD296C4259007243D1 /* AppDelegate.swift in Sources */ = {isa = PBXBuildFile; fileRef = E3846EDC296C4259007243D1 /* AppDelegate.swift */; };
		E3846EDF296C4259007243D1 /* SceneDelegate.swift in Sources */ = {isa = PBXBuildFile; fileRef = E3846EDE296C4259007243D1 /* SceneDelegate.swift */; };
		E3846EE1296C4259007243D1 /* ViewController.swift in Sources */ = {isa = PBXBuildFile; fileRef = E3846EE0296C4259007243D1 /* ViewController.swift */; };
		E3846EE6296C425A007243D1 /* Assets.xcassets in Resources */ = {isa = PBXBuildFile; fileRef = E3846EE5296C425A007243D1 /* Assets.xcassets */; };
		E3846EE9296C425A007243D1 /* LaunchScreen.storyboard in Resources */ = {isa = PBXBuildFile; fileRef = E3846EE7296C425A007243D1 /* LaunchScreen.storyboard */; };
		E3EACB2E296C43FD00879D8B /* UIColor+Extension.swift in Sources */ = {isa = PBXBuildFile; fileRef = E3EACB2C296C43FD00879D8B /* UIColor+Extension.swift */; };
		E3EACB2F296C43FD00879D8B /* UIImage+Extension.swift in Sources */ = {isa = PBXBuildFile; fileRef = E3EACB2D296C43FD00879D8B /* UIImage+Extension.swift */; };
/* End PBXBuildFile section */

/* Begin PBXFileReference section */
		E313F2F3296C7D6B00D37E50 /* Models.swift */ = {isa = PBXFileReference; lastKnownFileType = sourcecode.swift; path = Models.swift; sourceTree = "<group>"; };
		E313F2F5296C860800D37E50 /* AlertPresenter.swift */ = {isa = PBXFileReference; lastKnownFileType = sourcecode.swift; path = AlertPresenter.swift; sourceTree = "<group>"; };
		E313F2F7296C8CB700D37E50 /* DatabaseManager.swift */ = {isa = PBXFileReference; lastKnownFileType = sourcecode.swift; path = DatabaseManager.swift; sourceTree = "<group>"; };
		E3846ED9296C4259007243D1 /* MeowNote.app */ = {isa = PBXFileReference; explicitFileType = wrapper.application; includeInIndex = 0; path = MeowNote.app; sourceTree = BUILT_PRODUCTS_DIR; };
		E3846EDC296C4259007243D1 /* AppDelegate.swift */ = {isa = PBXFileReference; lastKnownFileType = sourcecode.swift; path = AppDelegate.swift; sourceTree = "<group>"; };
		E3846EDE296C4259007243D1 /* SceneDelegate.swift */ = {isa = PBXFileReference; lastKnownFileType = sourcecode.swift; path = SceneDelegate.swift; sourceTree = "<group>"; };
		E3846EE0296C4259007243D1 /* ViewController.swift */ = {isa = PBXFileReference; lastKnownFileType = sourcecode.swift; path = ViewController.swift; sourceTree = "<group>"; };
		E3846EE5296C425A007243D1 /* Assets.xcassets */ = {isa = PBXFileReference; lastKnownFileType = folder.assetcatalog; path = Assets.xcassets; sourceTree = "<group>"; };
		E3846EE8296C425A007243D1 /* Base */ = {isa = PBXFileReference; lastKnownFileType = file.storyboard; name = Base; path = Base.lproj/LaunchScreen.storyboard; sourceTree = "<group>"; };
		E3846EEA296C425A007243D1 /* Info.plist */ = {isa = PBXFileReference; lastKnownFileType = text.plist.xml; path = Info.plist; sourceTree = "<group>"; };
		E3EACB2C296C43FD00879D8B /* UIColor+Extension.swift */ = {isa = PBXFileReference; lastKnownFileType = sourcecode.swift; path = "UIColor+Extension.swift"; sourceTree = "<group>"; };
		E3EACB2D296C43FD00879D8B /* UIImage+Extension.swift */ = {isa = PBXFileReference; lastKnownFileType = sourcecode.swift; path = "UIImage+Extension.swift"; sourceTree = "<group>"; };
/* End PBXFileReference section */

/* Begin PBXFrameworksBuildPhase section */
		E3846ED6296C4259007243D1 /* Frameworks */ = {
			isa = PBXFrameworksBuildPhase;
			buildActionMask = 2147483647;
			files = (
			);
			runOnlyForDeploymentPostprocessing = 0;
		};
/* End PBXFrameworksBuildPhase section */

/* Begin PBXGroup section */
		E3846ED0296C4259007243D1 = {
			isa = PBXGroup;
			children = (
				E3846EDB296C4259007243D1 /* MeowNote */,
				E3846EDA296C4259007243D1 /* Products */,
			);
			sourceTree = "<group>";
		};
		E3846EDA296C4259007243D1 /* Products */ = {
			isa = PBXGroup;
			children = (
				E3846ED9296C4259007243D1 /* MeowNote.app */,
			);
			name = Products;
			sourceTree = "<group>";
		};
		E3846EDB296C4259007243D1 /* MeowNote */ = {
			isa = PBXGroup;
			children = (
				E3846EDC296C4259007243D1 /* AppDelegate.swift */,
				E3EACB30296C441300879D8B /* Supporting_files */,
				E3846EDE296C4259007243D1 /* SceneDelegate.swift */,
				E3846EE0296C4259007243D1 /* ViewController.swift */,
				E313F2F7296C8CB700D37E50 /* DatabaseManager.swift */,
				E313F2F5296C860800D37E50 /* AlertPresenter.swift */,
				E313F2F3296C7D6B00D37E50 /* Models.swift */,
				E3846EE5296C425A007243D1 /* Assets.xcassets */,
				E3846EE7296C425A007243D1 /* LaunchScreen.storyboard */,
				E3846EEA296C425A007243D1 /* Info.plist */,
			);
			path = MeowNote;
			sourceTree = "<group>";
		};
		E3EACB30296C441300879D8B /* Supporting_files */ = {
			isa = PBXGroup;
			children = (
				E3EACB2C296C43FD00879D8B /* UIColor+Extension.swift */,
				E3EACB2D296C43FD00879D8B /* UIImage+Extension.swift */,
			);
			path = Supporting_files;
			sourceTree = "<group>";
		};
/* End PBXGroup section */

/* Begin PBXNativeTarget section */
		E3846ED8296C4259007243D1 /* MeowNote */ = {
			isa = PBXNativeTarget;
			buildConfigurationList = E3846EED296C425A007243D1 /* Build configuration list for PBXNativeTarget "MeowNote" */;
			buildPhases = (
				E3846ED5296C4259007243D1 /* Sources */,
				E3846ED6296C4259007243D1 /* Frameworks */,
				E3846ED7296C4259007243D1 /* Resources */,
			);
			buildRules = (
			);
			dependencies = (
			);
			name = MeowNote;
			productName = MeowNote;
			productReference = E3846ED9296C4259007243D1 /* MeowNote.app */;
			productType = "com.apple.product-type.application";
		};
/* End PBXNativeTarget section */

/* Begin PBXProject section */
		E3846ED1296C4259007243D1 /* Project object */ = {
			isa = PBXProject;
			attributes = {
				BuildIndependentTargetsInParallel = 1;
				LastSwiftUpdateCheck = 1420;
				LastUpgradeCheck = 1420;
				TargetAttributes = {
					E3846ED8296C4259007243D1 = {
						CreatedOnToolsVersion = 14.2;
					};
				};
			};
			buildConfigurationList = E3846ED4296C4259007243D1 /* Build configuration list for PBXProject "MeowNote" */;
			compatibilityVersion = "Xcode 14.0";
			developmentRegion = en;
			hasScannedForEncodings = 0;
			knownRegions = (
				en,
				Base,
			);
			mainGroup = E3846ED0296C4259007243D1;
			productRefGroup = E3846EDA296C4259007243D1 /* Products */;
			projectDirPath = "";
			projectRoot = "";
			targets = (
				E3846ED8296C4259007243D1 /* MeowNote */,
			);
		};
/* End PBXProject section */

/* Begin PBXResourcesBuildPhase section */
		E3846ED7296C4259007243D1 /* Resources */ = {
			isa = PBXResourcesBuildPhase;
			buildActionMask = 2147483647;
			files = (
				E3846EE9296C425A007243D1 /* LaunchScreen.storyboard in Resources */,
				E3846EE6296C425A007243D1 /* Assets.xcassets in Resources */,
			);
			runOnlyForDeploymentPostprocessing = 0;
		};
/* End PBXResourcesBuildPhase section */

/* Begin PBXSourcesBuildPhase section */
		E3846ED5296C4259007243D1 /* Sources */ = {
			isa = PBXSourcesBuildPhase;
			buildActionMask = 2147483647;
			files = (
				E313F2F8296C8CB700D37E50 /* DatabaseManager.swift in Sources */,
				E3846EE1296C4259007243D1 /* ViewController.swift in Sources */,
				E313F2F6296C860800D37E50 /* AlertPresenter.swift in Sources */,
				E3846EDD296C4259007243D1 /* AppDelegate.swift in Sources */,
				E313F2F4296C7D6B00D37E50 /* Models.swift in Sources */,
				E3EACB2F296C43FD00879D8B /* UIImage+Extension.swift in Sources */,
				E3846EDF296C4259007243D1 /* SceneDelegate.swift in Sources */,
				E3EACB2E296C43FD00879D8B /* UIColor+Extension.swift in Sources */,
			);
			runOnlyForDeploymentPostprocessing = 0;
		};
/* End PBXSourcesBuildPhase section */

/* Begin PBXVariantGroup section */
		E3846EE7296C425A007243D1 /* LaunchScreen.storyboard */ = {
			isa = PBXVariantGroup;
			children = (
				E3846EE8296C425A007243D1 /* Base */,
			);
			name = LaunchScreen.storyboard;
			sourceTree = "<group>";
		};
/* End PBXVariantGroup section */

/* Begin XCBuildConfiguration section */
		E3846EEB296C425A007243D1 /* Debug */ = {
			isa = XCBuildConfiguration;
			buildSettings = {
				ALWAYS_SEARCH_USER_PATHS = NO;
				CLANG_ANALYZER_NONNULL = YES;
				CLANG_ANALYZER_NUMBER_OBJECT_CONVERSION = YES_AGGRESSIVE;
				CLANG_CXX_LANGUAGE_STANDARD = "gnu++20";
				CLANG_ENABLE_MODULES = YES;
				CLANG_ENABLE_OBJC_ARC = YES;
				CLANG_ENABLE_OBJC_WEAK = YES;
				CLANG_WARN_BLOCK_CAPTURE_AUTORELEASING = YES;
				CLANG_WARN_BOOL_CONVERSION = YES;
				CLANG_WARN_COMMA = YES;
				CLANG_WARN_CONSTANT_CONVERSION = YES;
				CLANG_WARN_DEPRECATED_OBJC_IMPLEMENTATIONS = YES;
				CLANG_WARN_DIRECT_OBJC_ISA_USAGE = YES_ERROR;
				CLANG_WARN_DOCUMENTATION_COMMENTS = YES;
				CLANG_WARN_EMPTY_BODY = YES;
				CLANG_WARN_ENUM_CONVERSION = YES;
				CLANG_WARN_INFINITE_RECURSION = YES;
				CLANG_WARN_INT_CONVERSION = YES;
				CLANG_WARN_NON_LITERAL_NULL_CONVERSION = YES;
				CLANG_WARN_OBJC_IMPLICIT_RETAIN_SELF = YES;
				CLANG_WARN_OBJC_LITERAL_CONVERSION = YES;
				CLANG_WARN_OBJC_ROOT_CLASS = YES_ERROR;
				CLANG_WARN_QUOTED_INCLUDE_IN_FRAMEWORK_HEADER = YES;
				CLANG_WARN_RANGE_LOOP_ANALYSIS = YES;
				CLANG_WARN_STRICT_PROTOTYPES = YES;
				CLANG_WARN_SUSPICIOUS_MOVE = YES;
				CLANG_WARN_UNGUARDED_AVAILABILITY = YES_AGGRESSIVE;
				CLANG_WARN_UNREACHABLE_CODE = YES;
				CLANG_WARN__DUPLICATE_METHOD_MATCH = YES;
				COPY_PHASE_STRIP = NO;
				DEBUG_INFORMATION_FORMAT = dwarf;
				ENABLE_STRICT_OBJC_MSGSEND = YES;
				ENABLE_TESTABILITY = YES;
				GCC_C_LANGUAGE_STANDARD = gnu11;
				GCC_DYNAMIC_NO_PIC = NO;
				GCC_NO_COMMON_BLOCKS = YES;
				GCC_OPTIMIZATION_LEVEL = 0;
				GCC_PREPROCESSOR_DEFINITIONS = (
					"DEBUG=1",
					"$(inherited)",
				);
				GCC_WARN_64_TO_32_BIT_CONVERSION = YES;
				GCC_WARN_ABOUT_RETURN_TYPE = YES_ERROR;
				GCC_WARN_UNDECLARED_SELECTOR = YES;
				GCC_WARN_UNINITIALIZED_AUTOS = YES_AGGRESSIVE;
				GCC_WARN_UNUSED_FUNCTION = YES;
				GCC_WARN_UNUSED_VARIABLE = YES;
				IPHONEOS_DEPLOYMENT_TARGET = 16.0;
				MTL_ENABLE_DEBUG_INFO = INCLUDE_SOURCE;
				MTL_FAST_MATH = YES;
				ONLY_ACTIVE_ARCH = YES;
				SDKROOT = iphoneos;
				SWIFT_ACTIVE_COMPILATION_CONDITIONS = DEBUG;
				SWIFT_OPTIMIZATION_LEVEL = "-Onone";
			};
			name = Debug;
		};
		E3846EEC296C425A007243D1 /* Release */ = {
			isa = XCBuildConfiguration;
			buildSettings = {
				ALWAYS_SEARCH_USER_PATHS = NO;
				CLANG_ANALYZER_NONNULL = YES;
				CLANG_ANALYZER_NUMBER_OBJECT_CONVERSION = YES_AGGRESSIVE;
				CLANG_CXX_LANGUAGE_STANDARD = "gnu++20";
				CLANG_ENABLE_MODULES = YES;
				CLANG_ENABLE_OBJC_ARC = YES;
				CLANG_ENABLE_OBJC_WEAK = YES;
				CLANG_WARN_BLOCK_CAPTURE_AUTORELEASING = YES;
				CLANG_WARN_BOOL_CONVERSION = YES;
				CLANG_WARN_COMMA = YES;
				CLANG_WARN_CONSTANT_CONVERSION = YES;
				CLANG_WARN_DEPRECATED_OBJC_IMPLEMENTATIONS = YES;
				CLANG_WARN_DIRECT_OBJC_ISA_USAGE = YES_ERROR;
				CLANG_WARN_DOCUMENTATION_COMMENTS = YES;
				CLANG_WARN_EMPTY_BODY = YES;
				CLANG_WARN_ENUM_CONVERSION = YES;
				CLANG_WARN_INFINITE_RECURSION = YES;
				CLANG_WARN_INT_CONVERSION = YES;
				CLANG_WARN_NON_LITERAL_NULL_CONVERSION = YES;
				CLANG_WARN_OBJC_IMPLICIT_RETAIN_SELF = YES;
				CLANG_WARN_OBJC_LITERAL_CONVERSION = YES;
				CLANG_WARN_OBJC_ROOT_CLASS = YES_ERROR;
				CLANG_WARN_QUOTED_INCLUDE_IN_FRAMEWORK_HEADER = YES;
				CLANG_WARN_RANGE_LOOP_ANALYSIS = YES;
				CLANG_WARN_STRICT_PROTOTYPES = YES;
				CLANG_WARN_SUSPICIOUS_MOVE = YES;
				CLANG_WARN_UNGUARDED_AVAILABILITY = YES_AGGRESSIVE;
				CLANG_WARN_UNREACHABLE_CODE = YES;
				CLANG_WARN__DUPLICATE_METHOD_MATCH = YES;
				COPY_PHASE_STRIP = NO;
				DEBUG_INFORMATION_FORMAT = "dwarf-with-dsym";
				ENABLE_NS_ASSERTIONS = NO;
				ENABLE_STRICT_OBJC_MSGSEND = YES;
				GCC_C_LANGUAGE_STANDARD = gnu11;
				GCC_NO_COMMON_BLOCKS = YES;
				GCC_WARN_64_TO_32_BIT_CONVERSION = YES;
				GCC_WARN_ABOUT_RETURN_TYPE = YES_ERROR;
				GCC_WARN_UNDECLARED_SELECTOR = YES;
				GCC_WARN_UNINITIALIZED_AUTOS = YES_AGGRESSIVE;
				GCC_WARN_UNUSED_FUNCTION = YES;
				GCC_WARN_UNUSED_VARIABLE = YES;
				IPHONEOS_DEPLOYMENT_TARGET = 16.0;
				MTL_ENABLE_DEBUG_INFO = NO;
				MTL_FAST_MATH = YES;
				SDKROOT = iphoneos;
				SWIFT_COMPILATION_MODE = wholemodule;
				SWIFT_OPTIMIZATION_LEVEL = "-O";
				VALIDATE_PRODUCT = YES;
			};
			name = Release;
		};
		E3846EEE296C425A007243D1 /* Debug */ = {
			isa = XCBuildConfiguration;
			buildSettings = {
				ASSETCATALOG_COMPILER_APPICON_NAME = AppIcon;
				ASSETCATALOG_COMPILER_GLOBAL_ACCENT_COLOR_NAME = AccentColor;
				CODE_SIGN_STYLE = Automatic;
				CURRENT_PROJECT_VERSION = 1;
				DEVELOPMENT_TEAM = KD4B6U375X;
				GENERATE_INFOPLIST_FILE = YES;
				INFOPLIST_FILE = MeowNote/Info.plist;
				INFOPLIST_KEY_UIApplicationSupportsIndirectInputEvents = YES;
				INFOPLIST_KEY_UILaunchStoryboardName = LaunchScreen;
				INFOPLIST_KEY_UISupportedInterfaceOrientations = UIInterfaceOrientationPortrait;
				IPHONEOS_DEPLOYMENT_TARGET = 15.0;
				LD_RUNPATH_SEARCH_PATHS = (
					"$(inherited)",
					"@executable_path/Frameworks",
				);
				MARKETING_VERSION = 1.0;
				PRODUCT_BUNDLE_IDENTIFIER = anakud.meownote.com;
				PRODUCT_NAME = "$(TARGET_NAME)";
				SWIFT_EMIT_LOC_STRINGS = YES;
				SWIFT_VERSION = 5.0;
				TARGETED_DEVICE_FAMILY = "1,2";
			};
			name = Debug;
		};
		E3846EEF296C425A007243D1 /* Release */ = {
			isa = XCBuildConfiguration;
			buildSettings = {
				ASSETCATALOG_COMPILER_APPICON_NAME = AppIcon;
				ASSETCATALOG_COMPILER_GLOBAL_ACCENT_COLOR_NAME = AccentColor;
				CODE_SIGN_STYLE = Automatic;
				CURRENT_PROJECT_VERSION = 1;
				DEVELOPMENT_TEAM = KD4B6U375X;
				GENERATE_INFOPLIST_FILE = YES;
				INFOPLIST_FILE = MeowNote/Info.plist;
				INFOPLIST_KEY_UIApplicationSupportsIndirectInputEvents = YES;
				INFOPLIST_KEY_UILaunchStoryboardName = LaunchScreen;
				INFOPLIST_KEY_UISupportedInterfaceOrientations = UIInterfaceOrientationPortrait;
				IPHONEOS_DEPLOYMENT_TARGET = 15.0;
				LD_RUNPATH_SEARCH_PATHS = (
					"$(inherited)",
					"@executable_path/Frameworks",
				);
				MARKETING_VERSION = 1.0;
				PRODUCT_BUNDLE_IDENTIFIER = anakud.meownote.com;
				PRODUCT_NAME = "$(TARGET_NAME)";
				SWIFT_EMIT_LOC_STRINGS = YES;
				SWIFT_VERSION = 5.0;
				TARGETED_DEVICE_FAMILY = "1,2";
			};
			name = Release;
		};
/* End XCBuildConfiguration section */

/* Begin XCConfigurationList section */
		E3846ED4296C4259007243D1 /* Build configuration list for PBXProject "MeowNote" */ = {
			isa = XCConfigurationList;
			buildConfigurations = (
				E3846EEB296C425A007243D1 /* Debug */,
				E3846EEC296C425A007243D1 /* Release */,
			);
			defaultConfigurationIsVisible = 0;
			defaultConfigurationName = Release;
		};
		E3846EED296C425A007243D1 /* Build configuration list for PBXNativeTarget "MeowNote" */ = {
			isa = XCConfigurationList;
			buildConfigurations = (
				E3846EEE296C425A007243D1 /* Debug */,
				E3846EEF296C425A007243D1 /* Release */,
			);
			defaultConfigurationIsVisible = 0;
			defaultConfigurationName = Release;
		};
/* End XCConfigurationList section */
	};
	rootObject = E3846ED1296C4259007243D1 /* Project object */;
}
